
Microsoft Visual Studio Solution File, Format Version 12.00
# Visual Studio Version 16
Project("{2150E333-8FDC-42A3-9474-1A3956D46DE8}") = "Tools", "Tools", "{DD376B17-49ED-E30C-D2E1-DDE33E96DA10}"
EndProject
Project("{8BC9CEB8-8B4A-11D0-8D11-00A0C91BC942}") = "QuelosEditor", "QuelosEditor\QuelosEditor.vcxproj", "{65C3E232-5126-72D7-FAAB-AA8DE6ED3D5A}"
EndProject
Project("{2150E333-8FDC-42A3-9474-1A3956D46DE8}") = "Core", "Core", "{15A0C35D-0158-05AB-6A5F-DE065636A09B}"
EndProject
Project("{8BC9CEB8-8B4A-11D0-8D11-00A0C91BC942}") = "Quelos", "Quelos\Quelos.vcxproj", "{1E4F4FCD-0AF1-79A3-F3AB-8DF7DFEC00F4}"
EndProject
Project("{FAE04EC0-301F-11D3-BF4B-00C04F79EFBC}") = "Quelos-ScriptCore", "Quelos-ScriptCore\Quelos-ScriptCore.csproj", "{C9BAACF6-35D1-AA8C-7E48-36AEEA9D7B14}"
EndProject
Project("{2150E333-8FDC-42A3-9474-1A3956D46DE8}") = "Dependencies", "Dependencies", "{53E47842-3FC8-3998-A828-34EB942B241A}"
EndProject
Project("{8BC9CEB8-8B4A-11D0-8D11-00A0C91BC942}") = "Box2D", "Quelos\vendor\Box2D\Box2D.vcxproj", "{A434E80C-1049-10BE-D9CA-B31D459E0CEF}"
EndProject
Project("{8BC9CEB8-8B4A-11D0-8D11-00A0C91BC942}") = "GLFW", "Quelos\vendor\GLFW\GLFW.vcxproj", "{154B857C-0182-860D-AA6E-6C109684020F}"
EndProject
Project("{8BC9CEB8-8B4A-11D0-8D11-00A0C91BC942}") = "Glad", "Quelos\vendor\Glad\Glad.vcxproj", "{BDD6857C-A90D-870D-52FA-6C103E10030F}"
EndProject
Project("{8BC9CEB8-8B4A-11D0-8D11-00A0C91BC942}") = "ImGui", "Quelos\vendor\ImGui\ImGui.vcxproj", "{C0FF640D-2C14-8DBE-F595-301E616989EF}"
EndProject
Project("{8BC9CEB8-8B4A-11D0-8D11-00A0C91BC942}") = "yaml-cpp", "Quelos\vendor\yaml-cpp\yaml-cpp.vcxproj", "{88F1A057-74BE-FB62-9DD7-E90A890331F1}"
EndProject
Global
	GlobalSection(SolutionConfigurationPlatforms) = preSolution
		Debug|x64 = Debug|x64
		Dist|x64 = Dist|x64
		Release|x64 = Release|x64
	EndGlobalSection
	GlobalSection(ProjectConfigurationPlatforms) = postSolution
		{65C3E232-5126-72D7-FAAB-AA8DE6ED3D5A}.Debug|x64.ActiveCfg = Debug|x64
		{65C3E232-5126-72D7-FAAB-AA8DE6ED3D5A}.Debug|x64.Build.0 = Debug|x64
		{65C3E232-5126-72D7-FAAB-AA8DE6ED3D5A}.Dist|x64.ActiveCfg = Dist|x64
		{65C3E232-5126-72D7-FAAB-AA8DE6ED3D5A}.Dist|x64.Build.0 = Dist|x64
		{65C3E232-5126-72D7-FAAB-AA8DE6ED3D5A}.Release|x64.ActiveCfg = Release|x64
		{65C3E232-5126-72D7-FAAB-AA8DE6ED3D5A}.Release|x64.Build.0 = Release|x64
		{1E4F4FCD-0AF1-79A3-F3AB-8DF7DFEC00F4}.Debug|x64.ActiveCfg = Debug|x64
		{1E4F4FCD-0AF1-79A3-F3AB-8DF7DFEC00F4}.Debug|x64.Build.0 = Debug|x64
		{1E4F4FCD-0AF1-79A3-F3AB-8DF7DFEC00F4}.Dist|x64.ActiveCfg = Dist|x64
		{1E4F4FCD-0AF1-79A3-F3AB-8DF7DFEC00F4}.Dist|x64.Build.0 = Dist|x64
		{1E4F4FCD-0AF1-79A3-F3AB-8DF7DFEC00F4}.Release|x64.ActiveCfg = Release|x64
		{1E4F4FCD-0AF1-79A3-F3AB-8DF7DFEC00F4}.Release|x64.Build.0 = Release|x64
		{C9BAACF6-35D1-AA8C-7E48-36AEEA9D7B14}.Debug|x64.ActiveCfg = Debug|x64
		{C9BAACF6-35D1-AA8C-7E48-36AEEA9D7B14}.Debug|x64.Build.0 = Debug|x64
		{C9BAACF6-35D1-AA8C-7E48-36AEEA9D7B14}.Dist|x64.ActiveCfg = Dist|x64
		{C9BAACF6-35D1-AA8C-7E48-36AEEA9D7B14}.Dist|x64.Build.0 = Dist|x64
		{C9BAACF6-35D1-AA8C-7E48-36AEEA9D7B14}.Release|x64.ActiveCfg = Release|x64
		{C9BAACF6-35D1-AA8C-7E48-36AEEA9D7B14}.Release|x64.Build.0 = Release|x64
		{A434E80C-1049-10BE-D9CA-B31D459E0CEF}.Debug|x64.ActiveCfg = Debug|x64
		{A434E80C-1049-10BE-D9CA-B31D459E0CEF}.Debug|x64.Build.0 = Debug|x64
		{A434E80C-1049-10BE-D9CA-B31D459E0CEF}.Dist|x64.ActiveCfg = Dist|x64
		{A434E80C-1049-10BE-D9CA-B31D459E0CEF}.Dist|x64.Build.0 = Dist|x64
		{A434E80C-1049-10BE-D9CA-B31D459E0CEF}.Release|x64.ActiveCfg = Release|x64
		{A434E80C-1049-10BE-D9CA-B31D459E0CEF}.Release|x64.Build.0 = Release|x64
		{154B857C-0182-860D-AA6E-6C109684020F}.Debug|x64.ActiveCfg = Debug|x64
		{154B857C-0182-860D-AA6E-6C109684020F}.Debug|x64.Build.0 = Debug|x64
		{154B857C-0182-860D-AA6E-6C109684020F}.Dist|x64.ActiveCfg = Dist|x64
		{154B857C-0182-860D-AA6E-6C109684020F}.Dist|x64.Build.0 = Dist|x64
		{154B857C-0182-860D-AA6E-6C109684020F}.Release|x64.ActiveCfg = Release|x64
		{154B857C-0182-860D-AA6E-6C109684020F}.Release|x64.Build.0 = Release|x64
		{BDD6857C-A90D-870D-52FA-6C103E10030F}.Debug|x64.ActiveCfg = Debug|x64
		{BDD6857C-A90D-870D-52FA-6C103E10030F}.Debug|x64.Build.0 = Debug|x64
		{BDD6857C-A90D-870D-52FA-6C103E10030F}.Dist|x64.ActiveCfg = Dist|x64
		{BDD6857C-A90D-870D-52FA-6C103E10030F}.Dist|x64.Build.0 = Dist|x64
		{BDD6857C-A90D-870D-52FA-6C103E10030F}.Release|x64.ActiveCfg = Release|x64
		{BDD6857C-A90D-870D-52FA-6C103E10030F}.Release|x64.Build.0 = Release|x64
		{C0FF640D-2C14-8DBE-F595-301E616989EF}.Debug|x64.ActiveCfg = Debug|x64
		{C0FF640D-2C14-8DBE-F595-301E616989EF}.Debug|x64.Build.0 = Debug|x64
		{C0FF640D-2C14-8DBE-F595-301E616989EF}.Dist|x64.ActiveCfg = Dist|x64
		{C0FF640D-2C14-8DBE-F595-301E616989EF}.Dist|x64.Build.0 = Dist|x64
		{C0FF640D-2C14-8DBE-F595-301E616989EF}.Release|x64.ActiveCfg = Release|x64
		{C0FF640D-2C14-8DBE-F595-301E616989EF}.Release|x64.Build.0 = Release|x64
		{88F1A057-74BE-FB62-9DD7-E90A890331F1}.Debug|x64.ActiveCfg = Debug|x64
		{88F1A057-74BE-FB62-9DD7-E90A890331F1}.Debug|x64.Build.0 = Debug|x64
		{88F1A057-74BE-FB62-9DD7-E90A890331F1}.Dist|x64.ActiveCfg = Dist|x64
		{88F1A057-74BE-FB62-9DD7-E90A890331F1}.Dist|x64.Build.0 = Dist|x64
		{88F1A057-74BE-FB62-9DD7-E90A890331F1}.Release|x64.ActiveCfg = Release|x64
		{88F1A057-74BE-FB62-9DD7-E90A890331F1}.Release|x64.Build.0 = Release|x64
	EndGlobalSection
	GlobalSection(SolutionProperties) = preSolution
		HideSolutionNode = FALSE
	EndGlobalSection
	GlobalSection(NestedProjects) = preSolution
		{65C3E232-5126-72D7-FAAB-AA8DE6ED3D5A} = {DD376B17-49ED-E30C-D2E1-DDE33E96DA10}
		{1E4F4FCD-0AF1-79A3-F3AB-8DF7DFEC00F4} = {15A0C35D-0158-05AB-6A5F-DE065636A09B}
		{C9BAACF6-35D1-AA8C-7E48-36AEEA9D7B14} = {15A0C35D-0158-05AB-6A5F-DE065636A09B}
		{A434E80C-1049-10BE-D9CA-B31D459E0CEF} = {53E47842-3FC8-3998-A828-34EB942B241A}
		{154B857C-0182-860D-AA6E-6C109684020F} = {53E47842-3FC8-3998-A828-34EB942B241A}
		{BDD6857C-A90D-870D-52FA-6C103E10030F} = {53E47842-3FC8-3998-A828-34EB942B241A}
		{C0FF640D-2C14-8DBE-F595-301E616989EF} = {53E47842-3FC8-3998-A828-34EB942B241A}
		{88F1A057-74BE-FB62-9DD7-E90A890331F1} = {53E47842-3FC8-3998-A828-34EB942B241A}
	EndGlobalSection
EndGlobal
